{
  "name": "vssh-print-engine",
  "version": "4.0.0",
  "lockfileVersion": 3,
  "requires": true,
  "packages": {
    "": {
      "name": "vssh-print-engine",
      "version": "4.0.0",
      "license": "MIT",
      "dependencies": {
        "vssh-app-toolkit": "github:colabhd/vssh-app-toolkit#v4"
      },
      "engines": {
        "node": ">=20"
      }
    },
    "node_modules/vssh-app-toolkit": {
      "version": "4.0.0",
      "resolved": "git+ssh://git@github.com/colabhd/vssh-app-toolkit.git#3fb979b086add65c1b331566e7fee3ca2f5bf902",
      "license": "MIT",
      "engines": {
        "node": ">=22"
      }
    }
  }
}
